
Microsoft Visual Studio Solution File, Format Version 12.00
# Visual Studio Version 17
VisualStudioVersion = 17.5.002.0
MinimumVisualStudioVersion = 10.0.40219.1
Project("{9A19103F-16F7-4668-BE54-9A1E7A4F7556}") = "webdevproject", "webdevproject\webdevproject.csproj", "{C6A27AE1-CBA4-42BC-AF72-560B64087EAD}"
EndProject
Global
	GlobalSection(SolutionConfigurationPlatforms) = preSolution
		Debug|Any CPU = Debug|Any CPU
		Release|Any CPU = Release|Any CPU
	EndGlobalSection
	GlobalSection(ProjectConfigurationPlatforms) = postSolution
		{C6A27AE1-CBA4-42BC-AF72-560B64087EAD}.Debug|Any CPU.ActiveCfg = Debug|Any CPU
		{C6A27AE1-CBA4-42BC-AF72-560B64087EAD}.Debug|Any CPU.Build.0 = Debug|Any CPU
		{C6A27AE1-CBA4-42BC-AF72-560B64087EAD}.Release|Any CPU.ActiveCfg = Release|Any CPU
		{C6A27AE1-CBA4-42BC-AF72-560B64087EAD}.Release|Any CPU.Build.0 = Release|Any CPU
	EndGlobalSection
	GlobalSection(SolutionProperties) = preSolution
		HideSolutionNode = FALSE
	EndGlobalSection
	GlobalSection(ExtensibilityGlobals) = postSolution
		SolutionGuid = {64BA4BFF-0D42-4226-92B0-35C4858997DE}
	EndGlobalSection
EndGlobal
